Microsoft Visual Studio Solution File, Format Version 12.00
# Visual Studio Version 16
VisualStudioVersion = 16.0.0.0
MinimumVisualStudioVersion = 16.0.0.0
Project("{9A19103F-16F7-4668-BE54-9A1E7A4F7556}") = "RecordShop", "RecordShop\RecordShop.csproj", "{E066E858-843E-4DBC-91B5-CB6F2507B021}"
EndProject
Project("{9A19103F-16F7-4668-BE54-9A1E7A4F7556}") = "RecordShop.Client", "RecordShop.Client\RecordShop.Client.csproj", "{7271FAB3-31C4-40A1-8F8D-1BB78C5236A9}"
EndProject
Global
	GlobalSection(SolutionConfigurationPlatforms) = preSolution
		Debug|Any CPU = Debug|Any CPU
		Debug|x64 = Debug|x64
		Debug|x86 = Debug|x86
		Release|Any CPU = Release|Any CPU
		Release|x64 = Release|x64
		Release|x86 = Release|x86
	EndGlobalSection
	GlobalSection(ProjectConfigurationPlatforms) = postSolution
		{7271FAB3-31C4-40A1-8F8D-1BB78C5236A9}.Debug|Any CPU.ActiveCfg = Debug|Any CPU
		{7271FAB3-31C4-40A1-8F8D-1BB78C5236A9}.Debug|Any CPU.Build.0 = Debug|Any CPU
		{7271FAB3-31C4-40A1-8F8D-1BB78C5236A9}.Debug|x64.ActiveCfg = Debug|Any CPU
		{7271FAB3-31C4-40A1-8F8D-1BB78C5236A9}.Debug|x64.Build.0 = Debug|Any CPU
		{7271FAB3-31C4-40A1-8F8D-1BB78C5236A9}.Debug|x86.ActiveCfg = Debug|Any CPU
		{7271FAB3-31C4-40A1-8F8D-1BB78C5236A9}.Debug|x86.Build.0 = Debug|Any CPU
		{7271FAB3-31C4-40A1-8F8D-1BB78C5236A9}.Release|Any CPU.ActiveCfg = Release|Any CPU
		{7271FAB3-31C4-40A1-8F8D-1BB78C5236A9}.Release|Any CPU.Build.0 = Release|Any CPU
		{7271FAB3-31C4-40A1-8F8D-1BB78C5236A9}.Release|x64.ActiveCfg = Release|Any CPU
		{7271FAB3-31C4-40A1-8F8D-1BB78C5236A9}.Release|x64.Build.0 = Release|Any CPU
		{7271FAB3-31C4-40A1-8F8D-1BB78C5236A9}.Release|x86.ActiveCfg = Release|Any CPU
		{7271FAB3-31C4-40A1-8F8D-1BB78C5236A9}.Release|x86.Build.0 = Release|Any CPU
		{E066E858-843E-4DBC-91B5-CB6F2507B021}.Debug|Any CPU.ActiveCfg = Debug|Any CPU
		{E066E858-843E-4DBC-91B5-CB6F2507B021}.Debug|Any CPU.Build.0 = Debug|Any CPU
		{E066E858-843E-4DBC-91B5-CB6F2507B021}.Debug|x64.ActiveCfg = Debug|Any CPU
		{E066E858-843E-4DBC-91B5-CB6F2507B021}.Debug|x64.Build.0 = Debug|Any CPU
		{E066E858-843E-4DBC-91B5-CB6F2507B021}.Debug|x86.ActiveCfg = Debug|Any CPU
		{E066E858-843E-4DBC-91B5-CB6F2507B021}.Debug|x86.Build.0 = Debug|Any CPU
		{E066E858-843E-4DBC-91B5-CB6F2507B021}.Release|Any CPU.ActiveCfg = Release|Any CPU
		{E066E858-843E-4DBC-91B5-CB6F2507B021}.Release|Any CPU.Build.0 = Release|Any CPU
		{E066E858-843E-4DBC-91B5-CB6F2507B021}.Release|x64.ActiveCfg = Release|Any CPU
		{E066E858-843E-4DBC-91B5-CB6F2507B021}.Release|x64.Build.0 = Release|Any CPU
		{E066E858-843E-4DBC-91B5-CB6F2507B021}.Release|x86.ActiveCfg = Release|Any CPU
		{E066E858-843E-4DBC-91B5-CB6F2507B021}.Release|x86.Build.0 = Release|Any CPU
	EndGlobalSection
	GlobalSection(SolutionProperties) = preSolution
		HideSolutionNode = FALSE
	EndGlobalSection
	GlobalSection(ExtensibilityGlobals) = postSolution
		SolutionGuid = {C59922F5-572C-42EB-BF27-9CC8B9D70BC6}
	EndGlobalSection
EndGlobal
